# THIS IS AN AUTOGENERATED FILE. DO NOT EDIT THIS FILE DIRECTLY.
# yarn lockfile v1


boolbase@~1.0.0:
  version "1.0.0"
  resolved "https://registry.yarnpkg.com/boolbase/-/boolbase-1.0.0.tgz#68dff5fbe60c51eb37725ea9e3ed310dcc1e776e"

css-selector-parser@^1.1.0:
  version "1.3.0"
  resolved "https://registry.yarnpkg.com/css-selector-parser/-/css-selector-parser-1.3.0.tgz#5f1ad43e2d8eefbfdc304fcd39a521664943e3eb"

debug@^2.2.0:
  version "2.6.9"
  resolved "https://registry.yarnpkg.com/debug/-/debug-2.6.9.tgz#5d128515df134ff327e90a4c93f4e077a536341f"
  dependencies:
    ms "2.0.0"

ms@2.0.0:
  version "2.0.0"
  resolved "https://registry.yarnpkg.com/ms/-/ms-2.0.0.tgz#5608aeadfc00be6c2901df5f9861788de0d597c8"

nth-check@^1.0.1:
  version "1.0.1"
  resolved "https://registry.yarnpkg.com/nth-check/-/nth-check-1.0.1.tgz#9929acdf628fc2c41098deab82ac580cf149aae4"
  dependencies:
    boolbase "~1.0.0"

unist-util-select@^1.5.0:
  version "1.5.0"
  resolved "https://registry.yarnpkg.com/unist-util-select/-/unist-util-select-1.5.0.tgz#a93c2be8c0f653827803b81331adec2aa24cd933"
  dependencies:
    css-selector-parser "^1.1.0"
    debug "^2.2.0"
    nth-check "^1.0.1"
